
Microsoft Visual Studio Solution File, Format Version 12.00
# Visual Studio Version 16
VisualStudioVersion = 16.0.30002.166
MinimumVisualStudioVersion = 10.0.40219.1
Project("{FAE04EC0-301F-11D3-BF4B-00C04F79EFBC}") = "WindowsFormsApp1", "WindowsFormsApp1\WindowsFormsApp1.csproj", "{97E54866-C07D-4A27-B8EF-B7D2627CA688}"
EndProject
Global
	GlobalSection(SolutionConfigurationPlatforms) = preSolution
		Debug|Any CPU = Debug|Any CPU
		Release|Any CPU = Release|Any CPU
	EndGlobalSection
	GlobalSection(ProjectConfigurationPlatforms) = postSolution
		{97E54866-C07D-4A27-B8EF-B7D2627CA688}.Debug|Any CPU.ActiveCfg = Debug|Any CPU
		{97E54866-C07D-4A27-B8EF-B7D2627CA688}.Debug|Any CPU.Build.0 = Debug|Any CPU
		{97E54866-C07D-4A27-B8EF-B7D2627CA688}.Release|Any CPU.ActiveCfg = Release|Any CPU
		{97E54866-C07D-4A27-B8EF-B7D2627CA688}.Release|Any CPU.Build.0 = Release|Any CPU
	EndGlobalSection
	GlobalSection(SolutionProperties) = preSolution
		HideSolutionNode = FALSE
	EndGlobalSection
	GlobalSection(ExtensibilityGlobals) = postSolution
		SolutionGuid = {8FACFF2F-6701-4B81-B91F-A55D8BD28693}
	EndGlobalSection
EndGlobal
